
Microsoft Visual Studio Solution File, Format Version 12.00
# Visual Studio Version 17
VisualStudioVersion = 17.12.35707.178
MinimumVisualStudioVersion = 10.0.40219.1
Project("{FAE04EC0-301F-11D3-BF4B-00C04F79EFBC}") = "Domain", "Domain\Domain.csproj", "{2099DF1F-D554-4C04-B750-3F15E9C57EDD}"
EndProject
Project("{FAE04EC0-301F-11D3-BF4B-00C04F79EFBC}") = "Infrastructure", "Infrastructure\Infrastructure.csproj", "{8EC8FB7C-5441-46C2-825E-90B8882F7700}"
EndProject
Project("{FAE04EC0-301F-11D3-BF4B-00C04F79EFBC}") = "API", "API\API.csproj", "{57AACE8C-3F2D-4363-A26C-5591D4F4A232}"
EndProject
Global
	GlobalSection(SolutionConfigurationPlatforms) = preSolution
		Debug|Any CPU = Debug|Any CPU
		Release|Any CPU = Release|Any CPU
	EndGlobalSection
	GlobalSection(ProjectConfigurationPlatforms) = postSolution
		{2099DF1F-D554-4C04-B750-3F15E9C57EDD}.Debug|Any CPU.ActiveCfg = Debug|Any CPU
		{2099DF1F-D554-4C04-B750-3F15E9C57EDD}.Debug|Any CPU.Build.0 = Debug|Any CPU
		{2099DF1F-D554-4C04-B750-3F15E9C57EDD}.Release|Any CPU.ActiveCfg = Release|Any CPU
		{2099DF1F-D554-4C04-B750-3F15E9C57EDD}.Release|Any CPU.Build.0 = Release|Any CPU
		{8EC8FB7C-5441-46C2-825E-90B8882F7700}.Debug|Any CPU.ActiveCfg = Debug|Any CPU
		{8EC8FB7C-5441-46C2-825E-90B8882F7700}.Debug|Any CPU.Build.0 = Debug|Any CPU
		{8EC8FB7C-5441-46C2-825E-90B8882F7700}.Release|Any CPU.ActiveCfg = Release|Any CPU
		{8EC8FB7C-5441-46C2-825E-90B8882F7700}.Release|Any CPU.Build.0 = Release|Any CPU
		{57AACE8C-3F2D-4363-A26C-5591D4F4A232}.Debug|Any CPU.ActiveCfg = Debug|Any CPU
		{57AACE8C-3F2D-4363-A26C-5591D4F4A232}.Debug|Any CPU.Build.0 = Debug|Any CPU
		{57AACE8C-3F2D-4363-A26C-5591D4F4A232}.Release|Any CPU.ActiveCfg = Release|Any CPU
		{57AACE8C-3F2D-4363-A26C-5591D4F4A232}.Release|Any CPU.Build.0 = Release|Any CPU
	EndGlobalSection
	GlobalSection(SolutionProperties) = preSolution
		HideSolutionNode = FALSE
	EndGlobalSection
EndGlobal
